# generated by rye
# use `rye lock` or `rye sync` to update this lockfile
#
# last locked with the following flags:
#   pre: false
#   features: []
#   all-features: false
#   with-sources: false
#   generate-hashes: false

-e file:.
blinker==1.8.2
    # via flask
click==8.1.7
    # via flask
flask==3.0.3
    # via backend
    # via flask-inertia
    # via flask-mqtt
    # via flask-sqlalchemy
    # via flask-vite
flask-inertia==0.9
    # via backend
flask-mqtt==1.2.1
    # via backend
flask-sqlalchemy==3.1.1
    # via backend
flask-vite==0.5.1
    # via backend
greenlet==3.1.1
    # via sqlalchemy
itsdangerous==2.2.0
    # via flask
jinja2==3.1.4
    # via flask
jsmin==3.0.1
    # via flask-inertia
markupsafe==2.1.5
    # via jinja2
    # via werkzeug
paho-mqtt==1.6.1
    # via flask-mqtt
python-dotenv==1.0.1
    # via backend
sqlalchemy==2.0.35
    # via flask-sqlalchemy
typing-extensions==4.12.2
    # via sqlalchemy
werkzeug==3.0.4
    # via flask
